
Microsoft Visual Studio Solution File, Format Version 11.00
# Visual Studio 2010
Project("{FAE04EC0-301F-11D3-BF4B-00C04F79EFBC}") = "Spring.Data.MongoDb.Log4Net.2010", "src\Spring.Data.MongoDb.Log4Net\Spring.Data.MongoDb.Log4Net.2010.csproj", "{A1F947E1-A464-45E6-8377-0AC7F7986AD1}"
EndProject
Project("{2150E333-8FDC-42A3-9474-1A3956D46DE8}") = "Common files", "Common files", "{43AA3DD1-3F3B-4904-97D8-861DE0A7EB88}"
	ProjectSection(SolutionItems) = preProject
		src\CommonAssemblyInfo.cs = src\CommonAssemblyInfo.cs
	EndProjectSection
EndProject
Project("{FAE04EC0-301F-11D3-BF4B-00C04F79EFBC}") = "Spring.Data.MongoDb.Log4Net.Tests.2010", "test\Spring.Data.MongoDb.Log4Net.Tests\Spring.Data.MongoDb.Log4Net.Tests.2010.csproj", "{D573EB5B-6B4B-4C4F-A64E-C1E917A37F49}"
EndProject
Global
	GlobalSection(SolutionConfigurationPlatforms) = preSolution
		Debug|Any CPU = Debug|Any CPU
		Release|Any CPU = Release|Any CPU
	EndGlobalSection
	GlobalSection(ProjectConfigurationPlatforms) = postSolution
		{A1F947E1-A464-45E6-8377-0AC7F7986AD1}.Debug|Any CPU.ActiveCfg = Debug|Any CPU
		{A1F947E1-A464-45E6-8377-0AC7F7986AD1}.Debug|Any CPU.Build.0 = Debug|Any CPU
		{A1F947E1-A464-45E6-8377-0AC7F7986AD1}.Release|Any CPU.ActiveCfg = Release|Any CPU
		{A1F947E1-A464-45E6-8377-0AC7F7986AD1}.Release|Any CPU.Build.0 = Release|Any CPU
		{D573EB5B-6B4B-4C4F-A64E-C1E917A37F49}.Debug|Any CPU.ActiveCfg = Debug|Any CPU
		{D573EB5B-6B4B-4C4F-A64E-C1E917A37F49}.Debug|Any CPU.Build.0 = Debug|Any CPU
		{D573EB5B-6B4B-4C4F-A64E-C1E917A37F49}.Release|Any CPU.ActiveCfg = Release|Any CPU
		{D573EB5B-6B4B-4C4F-A64E-C1E917A37F49}.Release|Any CPU.Build.0 = Release|Any CPU
	EndGlobalSection
	GlobalSection(SolutionProperties) = preSolution
		HideSolutionNode = FALSE
	EndGlobalSection
EndGlobal
